
Microsoft Visual Studio Solution File, Format Version 12.00
# Visual Studio Version 17
VisualStudioVersion = 17.11.35312.102
MinimumVisualStudioVersion = 10.0.40219.1
Project("{FAE04EC0-301F-11D3-BF4B-00C04F79EFBC}") = "B5sredyroven", "B5sredyroven\B5sredyroven.csproj", "{222F5520-3CA7-45ED-B906-4925D4669DA9}"
EndProject
Global
	GlobalSection(SolutionConfigurationPlatforms) = preSolution
		Debug|Any CPU = Debug|Any CPU
		Release|Any CPU = Release|Any CPU
	EndGlobalSection
	GlobalSection(ProjectConfigurationPlatforms) = postSolution
		{222F5520-3CA7-45ED-B906-4925D4669DA9}.Debug|Any CPU.ActiveCfg = Debug|Any CPU
		{222F5520-3CA7-45ED-B906-4925D4669DA9}.Debug|Any CPU.Build.0 = Debug|Any CPU
		{222F5520-3CA7-45ED-B906-4925D4669DA9}.Release|Any CPU.ActiveCfg = Release|Any CPU
		{222F5520-3CA7-45ED-B906-4925D4669DA9}.Release|Any CPU.Build.0 = Release|Any CPU
	EndGlobalSection
	GlobalSection(SolutionProperties) = preSolution
		HideSolutionNode = FALSE
	EndGlobalSection
	GlobalSection(ExtensibilityGlobals) = postSolution
		SolutionGuid = {BE53470B-4790-4107-AD39-D3FA561112C0}
	EndGlobalSection
EndGlobal
